# This file is autogenerated, do not edit; changes may be undone by the next 'dep ensure'.


[[projects]]
  digest = "1:e92f5581902c345eb4ceffdcd4a854fb8f73cf436d47d837d1ec98ef1fe0a214"
  name = "github.com/StackExchange/wmi"
  packages = ["."]
  pruneopts = "UT"
  revision = "5d049714c4a64225c3c79a7cf7d02f7fb5b96338"
  version = "1.0.0"

[[projects]]
  digest = "1:64a5a67c69b70c2420e607a8545d674a23778ed9c3e80607bfd17b77c6c87f6a"
  name = "github.com/go-ole/go-ole"
  packages = [
    ".",
    "oleutil",
  ]
  pruneopts = "UT"
  revision = "a41e3c4b706f6ae8dfbff342b06e40fa4d2d0506"
  version = "v1.2.1"

[[projects]]
  digest = "1:718c57979a9197414a044fff2028e57cb9fe145069e4f507059755bfe87f1bfe"
  name = "github.com/influxdata/influxdb"
  packages = [
    "client/v2",
    "models",
    "pkg/escape",
  ]
  pruneopts = "UT"
  revision = "cb03c542a4054f0f4d3dc13919d31c456bdb5c39"
  version = "v1.7.1"

[[projects]]
  branch = "master"
  digest = "1:ec6d80e0622e6d95e40b76936f13d28dd5d88635968a7cc87bf4c737237e13e9"
  name = "github.com/mattn/go-pipeline"
  packages = ["."]
  pruneopts = "UT"
  revision = "cfb87a531e2beb376fe3ce94a6dfef7956d33bc7"

[[projects]]
  digest = "1:97214fd8a34395a888abf6fbecc685a707932eb329fda3d79af2b8222dbf46b3"
  name = "github.com/shirou/gopsutil"
  packages = [
    "internal/common",
    "mem",
  ]
  pruneopts = "UT"
  revision = "3ec50d2876a36047b2ca39f955ba88fb7a455e92"
  version = "v2.18.10"

[[projects]]
  branch = "master"
  digest = "1:7427036b6d926b3d1fa0773771820735b35554a98296f1074df440ee30a97296"
  name = "golang.org/x/net"
  packages = ["websocket"]
  pruneopts = "UT"
  revision = "adae6a3d119ae4890b46832a2e88a95adc62b8e7"

[[projects]]
  branch = "master"
  digest = "1:6a875550c3b582f6c2d7e2ce44aba792511f00016d7c46b0a4fb26f730ef3058"
  name = "golang.org/x/sys"
  packages = [
    "unix",
    "windows",
  ]
  pruneopts = "UT"
  revision = "66b7b1311ac80bbafcd2daeef9a5e6e2cd1e2399"

[solve-meta]
  analyzer-name = "dep"
  analyzer-version = 1
  input-imports = [
    "github.com/influxdata/influxdb/client/v2",
    "github.com/mattn/go-pipeline",
    "github.com/shirou/gopsutil/mem",
    "golang.org/x/net/websocket",
  ]
  solver-name = "gps-cdcl"
  solver-version = 1
